version = 1
revision = 3
requires-python = ">=3.14"

[[package]]
name = "dishka"
version = "1.10.1"
source = { registry = "https://pypi.org/simple" }
sdist = { url = "https://files.pythonhosted.org/packages/97/da/b75b5fe665d16725e1d46e291c8dd4b0ed1731c7964f41087fda92f03d40/dishka-1.10.1.tar.gz", hash = "sha256:51fb624b9acc948b90f57128460061d1f3a1780121fe1c7d14c565e8bbff2083", size = 282008, upload-time = "2026-04-25T12:07:57.587Z" }
wheels = [
    { url = "https://files.pythonhosted.org/packages/2c/08/dd3259a319ba45c48d975caf237c830c7873a203288cb4ab186cc5bef585/dishka-1.10.1-py3-none-any.whl", hash = "sha256:84f40c1115eb391ce3fb558fd7946c5bcaf6361c35b77b7a185b7697a5720ec7", size = 120062, upload-time = "2026-04-25T12:07:59.153Z" },
]

[[package]]
name = "nats-py"
version = "2.15.0"
source = { registry = "https://pypi.org/simple" }
sdist = { url = "https://files.pythonhosted.org/packages/02/f0/fc5e93f2b0dd14a202590ad9d30eda1955ea872039b5204357348d0f4b1e/nats_py-2.15.0.tar.gz", hash = "sha256:6622c547d9a7d2313d9c147d46c386188f4ec2c7b5c9f9a0438a4d1b55f54a93", size = 75995, upload-time = "2026-06-05T07:34:03.904Z" }
wheels = [
    { url = "https://files.pythonhosted.org/packages/db/a8/b55606c7c621fb813c8ec78baf201d2c78bf6051091ec0c7ada572999e95/nats_py-2.15.0-py3-none-any.whl", hash = "sha256:9f8d36aa52a9926a88b8f1d70cf1fdce0ad387941479b500ee9ab3e51073cefd", size = 90334, upload-time = "2026-06-05T07:34:02.81Z" },
]

[[package]]
name = "polymarket-bot"
version = "0.1.0"
source = { editable = "." }
dependencies = [
    { name = "dishka" },
    { name = "nats-py" },
]

[package.metadata]
requires-dist = [
    { name = "dishka", specifier = ">=1.10.1" },
    { name = "nats-py", specifier = ">=2.15.0" },
]
